// !$*UTF8*$!
{
	archiveVersion = 1;
	classes = {
	};
	objectVersion = 50;
	objects = {

/* Begin PBXBuildFile section */
		2C31FCCC26577C340089EA18 /* AppDelegate.swift in Sources */ = {isa = PBXBuildFile; fileRef = 2C31FCCB26577C340089EA18 /* AppDelegate.swift */; };
		2C31FCCE26577C340089EA18 /* SceneDelegate.swift in Sources */ = {isa = PBXBuildFile; fileRef = 2C31FCCD26577C340089EA18 /* SceneDelegate.swift */; };
		2C31FCD026577C340089EA18 /* ViewController.swift in Sources */ = {isa = PBXBuildFile; fileRef = 2C31FCCF26577C340089EA18 /* ViewController.swift */; };
		2C31FCD326577C340089EA18 /* Main.storyboard in Resources */ = {isa = PBXBuildFile; fileRef = 2C31FCD126577C340089EA18 /* Main.storyboard */; };
		2C31FCD526577C3A0089EA18 /* Assets.xcassets in Resources */ = {isa = PBXBuildFile; fileRef = 2C31FCD426577C3A0089EA18 /* Assets.xcassets */; };
		2C31FCD826577C3A0089EA18 /* LaunchScreen.storyboard in Resources */ = {isa = PBXBuildFile; fileRef = 2C31FCD626577C3A0089EA18 /* LaunchScreen.storyboard */; };
/* End PBXBuildFile section */

/* Begin PBXFileReference section */
		2C31FCC826577C340089EA18 /* TestUI.app */ = {isa = PBXFileReference; explicitFileType = wrapper.application; includeInIndex = 0; path = TestUI.app; sourceTree = BUILT_PRODUCTS_DIR; };
		2C31FCCB26577C340089EA18 /* AppDelegate.swift */ = {isa = PBXFileReference; lastKnownFileType = sourcecode.swift; path = AppDelegate.swift; sourceTree = "<group>"; };
		2C31FCCD26577C340089EA18 /* SceneDelegate.swift */ = {isa = PBXFileReference; lastKnownFileType = sourcecode.swift; path = SceneDelegate.swift; sourceTree = "<group>"; };
		2C31FCCF26577C340089EA18 /* ViewController.swift */ = {isa = PBXFileReference; lastKnownFileType = sourcecode.swift; path = ViewController.swift; sourceTree = "<group>"; };
		2C31FCD226577C340089EA18 /* Base */ = {isa = PBXFileReference; lastKnownFileType = file.storyboard; name = Base; path = Base.lproj/Main.storyboard; sourceTree = "<group>"; };
		2C31FCD426577C3A0089EA18 /* Assets.xcassets */ = {isa = PBXFileReference; lastKnownFileType = folder.assetcatalog; path = Assets.xcassets; sourceTree = "<group>"; };
		2C31FCD726577C3A0089EA18 /* Base */ = {isa = PBXFileReference; lastKnownFileType = file.storyboard; name = Base; path = Base.lproj/LaunchScreen.storyboard; sourceTree = "<group>"; };
		2C31FCD926577C3A0089EA18 /* Info.plist */ = {isa = PBXFileReference; lastKnownFileType = text.plist.xml; path = Info.plist; sourceTree = "<group>"; };
/* End PBXFileReference section */

/* Begin PBXFrameworksBuildPhase section */
		2C31FCC526577C340089EA18 /* Frameworks */ = {
			isa = PBXFrameworksBuildPhase;
			buildActionMask = 2147483647;
			files = (
			);
			runOnlyForDeploymentPostprocessing = 0;
		};
/* End PBXFrameworksBuildPhase section */

/* Begin PBXGroup section */
		2C31FCBF26577C340089EA18 = {
			isa = PBXGroup;
			children = (
				2C31FCCA26577C340089EA18 /* TestUI */,
				2C31FCC926577C340089EA18 /* Products */,
			);
			sourceTree = "<group>";
		};
		2C31FCC926577C340089EA18 /* Products */ = {
			isa = PBXGroup;
			children = (
				2C31FCC826577C340089EA18 /* TestUI.app */,
			);
			name = Products;
			sourceTree = "<group>";
		};
		2C31FCCA26577C340089EA18 /* TestUI */ = {
			isa = PBXGroup;
			children = (
				2C31FCCB26577C340089EA18 /* AppDelegate.swift */,
				2C31FCCD26577C340089EA18 /* SceneDelegate.swift */,
				2C31FCCF26577C340089EA18 /* ViewController.swift */,
				2C31FCD126577C340089EA18 /* Main.storyboard */,
				2C31FCD426577C3A0089EA18 /* Assets.xcassets */,
				2C31FCD626577C3A0089EA18 /* LaunchScreen.storyboard */,
				2C31FCD926577C3A0089EA18 /* Info.plist */,
			);
			path = TestUI;
			sourceTree = "<group>";
		};
/* End PBXGroup section */

/* Begin PBXNativeTarget section */
		2C31FCC726577C340089EA18 /* TestUI */ = {
			isa = PBXNativeTarget;
			buildConfigurationList = 2C31FCDC26577C3A0089EA18 /* Build configuration list for PBXNativeTarget "TestUI" */;
			buildPhases = (
				2C31FCC426577C340089EA18 /* Sources */,
				2C31FCC526577C340089EA18 /* Frameworks */,
				2C31FCC626577C340089EA18 /* Resources */,
			);
			buildRules = (
			);
			dependencies = (
			);
			name = TestUI;
			productName = TestUI;
			productReference = 2C31FCC826577C340089EA18 /* TestUI.app */;
			productType = "com.apple.product-type.application";
		};
/* End PBXNativeTarget section */

/* Begin PBXProject section */
		2C31FCC026577C340089EA18 /* Project object */ = {
			isa = PBXProject;
			attributes = {
				LastSwiftUpdateCheck = 1250;
				LastUpgradeCheck = 1250;
				TargetAttributes = {
					2C31FCC726577C340089EA18 = {
						CreatedOnToolsVersion = 12.5;
					};
				};
			};
			buildConfigurationList = 2C31FCC326577C340089EA18 /* Build configuration list for PBXProject "TestUI" */;
			compatibilityVersion = "Xcode 9.3";
			developmentRegion = en;
			hasScannedForEncodings = 0;
			knownRegions = (
				en,
				Base,
			);
			mainGroup = 2C31FCBF26577C340089EA18;
			productRefGroup = 2C31FCC926577C340089EA18 /* Products */;
			projectDirPath = "";
			projectRoot = "";
			targets = (
				2C31FCC726577C340089EA18 /* TestUI */,
			);
		};
/* End PBXProject section */

/* Begin PBXResourcesBuildPhase section */
		2C31FCC626577C340089EA18 /* Resources */ = {
			isa = PBXResourcesBuildPhase;
			buildActionMask = 2147483647;
			files = (
				2C31FCD826577C3A0089EA18 /* LaunchScreen.storyboard in Resources */,
				2C31FCD526577C3A0089EA18 /* Assets.xcassets in Resources */,
				2C31FCD326577C340089EA18 /* Main.storyboard in Resources */,
			);
			runOnlyForDeploymentPostprocessing = 0;
		};
/* End PBXResourcesBuildPhase section */

/* Begin PBXSourcesBuildPhase section */
		2C31FCC426577C340089EA18 /* Sources */ = {
			isa = PBXSourcesBuildPhase;
			buildActionMask = 2147483647;
			files = (
				2C31FCD026577C340089EA18 /* ViewController.swift in Sources */,
				2C31FCCC26577C340089EA18 /* AppDelegate.swift in Sources */,
				2C31FCCE26577C340089EA18 /* SceneDelegate.swift in Sources */,
			);
			runOnlyForDeploymentPostprocessing = 0;
		};
/* End PBXSourcesBuildPhase section */

/* Begin PBXVariantGroup section */
		2C31FCD126577C340089EA18 /* Main.storyboard */ = {
			isa = PBXVariantGroup;
			children = (
				2C31FCD226577C340089EA18 /* Base */,
			);
			name = Main.storyboard;
			sourceTree = "<group>";
		};
		2C31FCD626577C3A0089EA18 /* LaunchScreen.storyboard */ = {
			isa = PBXVariantGroup;
			children = (
				2C31FCD726577C3A0089EA18 /* Base */,
			);
			name = LaunchScreen.storyboard;
			sourceTree = "<group>";
		};
/* End PBXVariantGroup section */

/* Begin XCBuildConfiguration section */
		2C31FCDA26577C3A0089EA18 /* Debug */ = {
			isa = XCBuildConfiguration;
			buildSettings = {
				ALWAYS_SEARCH_USER_PATHS = NO;
				CLANG_ANALYZER_NONNULL = YES;
				CLANG_ANALYZER_NUMBER_OBJECT_CONVERSION = YES_AGGRESSIVE;
				CLANG_CXX_LANGUAGE_STANDARD = "gnu++14";
				CLANG_CXX_LIBRARY = "libc++";
				CLANG_ENABLE_MODULES = YES;
				CLANG_ENABLE_OBJC_ARC = YES;
				CLANG_ENABLE_OBJC_WEAK = YES;
				CLANG_WARN_BLOCK_CAPTURE_AUTORELEASING = YES;
				CLANG_WARN_BOOL_CONVERSION = YES;
				CLANG_WARN_COMMA = YES;
				CLANG_WARN_CONSTANT_CONVERSION = YES;
				CLANG_WARN_DEPRECATED_OBJC_IMPLEMENTATIONS = YES;
				CLANG_WARN_DIRECT_OBJC_ISA_USAGE = YES_ERROR;
				CLANG_WARN_DOCUMENTATION_COMMENTS = YES;
				CLANG_WARN_EMPTY_BODY = YES;
				CLANG_WARN_ENUM_CONVERSION = YES;
				CLANG_WARN_INFINITE_RECURSION = YES;
				CLANG_WARN_INT_CONVERSION = YES;
				CLANG_WARN_NON_LITERAL_NULL_CONVERSION = YES;
				CLANG_WARN_OBJC_IMPLICIT_RETAIN_SELF = YES;
				CLANG_WARN_OBJC_LITERAL_CONVERSION = YES;
				CLANG_WARN_OBJC_ROOT_CLASS = YES_ERROR;
				CLANG_WARN_QUOTED_INCLUDE_IN_FRAMEWORK_HEADER = YES;
				CLANG_WARN_RANGE_LOOP_ANALYSIS = YES;
				CLANG_WARN_STRICT_PROTOTYPES = YES;
				CLANG_WARN_SUSPICIOUS_MOVE = YES;
				CLANG_WARN_UNGUARDED_AVAILABILITY = YES_AGGRESSIVE;
				CLANG_WARN_UNREACHABLE_CODE = YES;
				CLANG_WARN__DUPLICATE_METHOD_MATCH = YES;
				COPY_PHASE_STRIP = NO;
				DEBUG_INFORMATION_FORMAT = dwarf;
				ENABLE_STRICT_OBJC_MSGSEND = YES;
				ENABLE_TESTABILITY = YES;
				GCC_C_LANGUAGE_STANDARD = gnu11;
				GCC_DYNAMIC_NO_PIC = NO;
				GCC_NO_COMMON_BLOCKS = YES;
				GCC_OPTIMIZATION_LEVEL = 0;
				GCC_PREPROCESSOR_DEFINITIONS = (
					"DEBUG=1",
					"$(inherited)",
				);
				GCC_WARN_64_TO_32_BIT_CONVERSION = YES;
				GCC_WARN_ABOUT_RETURN_TYPE = YES_ERROR;
				GCC_WARN_UNDECLARED_SELECTOR = YES;
				GCC_WARN_UNINITIALIZED_AUTOS = YES_AGGRESSIVE;
				GCC_WARN_UNUSED_FUNCTION = YES;
				GCC_WARN_UNUSED_VARIABLE = YES;
				IPHONEOS_DEPLOYMENT_TARGET = 14.5;
				MTL_ENABLE_DEBUG_INFO = INCLUDE_SOURCE;
				MTL_FAST_MATH = YES;
				ONLY_ACTIVE_ARCH = YES;
				SDKROOT = iphoneos;
				SWIFT_ACTIVE_COMPILATION_CONDITIONS = DEBUG;
				SWIFT_OPTIMIZATION_LEVEL = "-Onone";
			};
			name = Debug;
		};
		2C31FCDB26577C3A0089EA18 /* Release */ = {
			isa = XCBuildConfiguration;
			buildSettings = {
				ALWAYS_SEARCH_USER_PATHS = NO;
				CLANG_ANALYZER_NONNULL = YES;
				CLANG_ANALYZER_NUMBER_OBJECT_CONVERSION = YES_AGGRESSIVE;
				CLANG_CXX_LANGUAGE_STANDARD = "gnu++14";
				CLANG_CXX_LIBRARY = "libc++";
				CLANG_ENABLE_MODULES = YES;
				CLANG_ENABLE_OBJC_ARC = YES;
				CLANG_ENABLE_OBJC_WEAK = YES;
				CLANG_WARN_BLOCK_CAPTURE_AUTORELEASING = YES;
				CLANG_WARN_BOOL_CONVERSION = YES;
				CLANG_WARN_COMMA = YES;
				CLANG_WARN_CONSTANT_CONVERSION = YES;
				CLANG_WARN_DEPRECATED_OBJC_IMPLEMENTATIONS = YES;
				CLANG_WARN_DIRECT_OBJC_ISA_USAGE = YES_ERROR;
				CLANG_WARN_DOCUMENTATION_COMMENTS = YES;
				CLANG_WARN_EMPTY_BODY = YES;
				CLANG_WARN_ENUM_CONVERSION = YES;
				CLANG_WARN_INFINITE_RECURSION = YES;
				CLANG_WARN_INT_CONVERSION = YES;
				CLANG_WARN_NON_LITERAL_NULL_CONVERSION = YES;
				CLANG_WARN_OBJC_IMPLICIT_RETAIN_SELF = YES;
				CLANG_WARN_OBJC_LITERAL_CONVERSION = YES;
				CLANG_WARN_OBJC_ROOT_CLASS = YES_ERROR;
				CLANG_WARN_QUOTED_INCLUDE_IN_FRAMEWORK_HEADER = YES;
				CLANG_WARN_RANGE_LOOP_ANALYSIS = YES;
				CLANG_WARN_STRICT_PROTOTYPES = YES;
				CLANG_WARN_SUSPICIOUS_MOVE = YES;
				CLANG_WARN_UNGUARDED_AVAILABILITY = YES_AGGRESSIVE;
				CLANG_WARN_UNREACHABLE_CODE = YES;
				CLANG_WARN__DUPLICATE_METHOD_MATCH = YES;
				COPY_PHASE_STRIP = NO;
				DEBUG_INFORMATION_FORMAT = "dwarf-with-dsym";
				ENABLE_NS_ASSERTIONS = NO;
				ENABLE_STRICT_OBJC_MSGSEND = YES;
				GCC_C_LANGUAGE_STANDARD = gnu11;
				GCC_NO_COMMON_BLOCKS = YES;
				GCC_WARN_64_TO_32_BIT_CONVERSION = YES;
				GCC_WARN_ABOUT_RETURN_TYPE = YES_ERROR;
				GCC_WARN_UNDECLARED_SELECTOR = YES;
				GCC_WARN_UNINITIALIZED_AUTOS = YES_AGGRESSIVE;
				GCC_WARN_UNUSED_FUNCTION = YES;
				GCC_WARN_UNUSED_VARIABLE = YES;
				IPHONEOS_DEPLOYMENT_TARGET = 14.5;
				MTL_ENABLE_DEBUG_INFO = NO;
				MTL_FAST_MATH = YES;
				SDKROOT = iphoneos;
				SWIFT_COMPILATION_MODE = wholemodule;
				SWIFT_OPTIMIZATION_LEVEL = "-O";
				VALIDATE_PRODUCT = YES;
			};
			name = Release;
		};
		2C31FCDD26577C3A0089EA18 /* Debug */ = {
			isa = XCBuildConfiguration;
			buildSettings = {
				ASSETCATALOG_COMPILER_APPICON_NAME = AppIcon;
				ASSETCATALOG_COMPILER_GLOBAL_ACCENT_COLOR_NAME = AccentColor;
				CODE_SIGN_STYLE = Automatic;
				DEVELOPMENT_TEAM = CENUVHQG84;
				INFOPLIST_FILE = TestUI/Info.plist;
				LD_RUNPATH_SEARCH_PATHS = (
					"$(inherited)",
					"@executable_path/Frameworks",
				);
				PRODUCT_BUNDLE_IDENTIFIER = com.mt.sd.TestUI;
				PRODUCT_NAME = "$(TARGET_NAME)";
				SWIFT_VERSION = 5.0;
				TARGETED_DEVICE_FAMILY = "1,2";
			};
			name = Debug;
		};
		2C31FCDE26577C3A0089EA18 /* Release */ = {
			isa = XCBuildConfiguration;
			buildSettings = {
				ASSETCATALOG_COMPILER_APPICON_NAME = AppIcon;
				ASSETCATALOG_COMPILER_GLOBAL_ACCENT_COLOR_NAME = AccentColor;
				CODE_SIGN_STYLE = Automatic;
				DEVELOPMENT_TEAM = CENUVHQG84;
				INFOPLIST_FILE = TestUI/Info.plist;
				LD_RUNPATH_SEARCH_PATHS = (
					"$(inherited)",
					"@executable_path/Frameworks",
				);
				PRODUCT_BUNDLE_IDENTIFIER = com.mt.sd.TestUI;
				PRODUCT_NAME = "$(TARGET_NAME)";
				SWIFT_VERSION = 5.0;
				TARGETED_DEVICE_FAMILY = "1,2";
			};
			name = Release;
		};
/* End XCBuildConfiguration section */

/* Begin XCConfigurationList section */
		2C31FCC326577C340089EA18 /* Build configuration list for PBXProject "TestUI" */ = {
			isa = XCConfigurationList;
			buildConfigurations = (
				2C31FCDA26577C3A0089EA18 /* Debug */,
				2C31FCDB26577C3A0089EA18 /* Release */,
			);
			defaultConfigurationIsVisible = 0;
			defaultConfigurationName = Release;
		};
		2C31FCDC26577C3A0089EA18 /* Build configuration list for PBXNativeTarget "TestUI" */ = {
			isa = XCConfigurationList;
			buildConfigurations = (
				2C31FCDD26577C3A0089EA18 /* Debug */,
				2C31FCDE26577C3A0089EA18 /* Release */,
			);
			defaultConfigurationIsVisible = 0;
			defaultConfigurationName = Release;
		};
/* End XCConfigurationList section */
	};
	rootObject = 2C31FCC026577C340089EA18 /* Project object */;
}
